
Microsoft Visual Studio Solution File, Format Version 12.00
# Visual Studio 2013
VisualStudioVersion = 12.0.30501.0
MinimumVisualStudioVersion = 10.0.40219.1
Project("{FAE04EC0-301F-11D3-BF4B-00C04F79EFBC}") = "ILPad", "ILPad\ILPad.csproj", "{97B9B9D9-44C1-41E0-AF1C-9F349F5093A3}"
EndProject
Project("{2150E333-8FDC-42A3-9474-1A3956D46DE8}") = "Solution Items", "Solution Items", "{77F307DD-8875-4CBA-B167-BF3F77C62E79}"
EndProject
Global
	GlobalSection(SolutionConfigurationPlatforms) = preSolution
		Debug|Any CPU = Debug|Any CPU
		Release|Any CPU = Release|Any CPU
	EndGlobalSection
	GlobalSection(ProjectConfigurationPlatforms) = postSolution
		{97B9B9D9-44C1-41E0-AF1C-9F349F5093A3}.Debug|Any CPU.ActiveCfg = Debug|Any CPU
		{97B9B9D9-44C1-41E0-AF1C-9F349F5093A3}.Debug|Any CPU.Build.0 = Debug|Any CPU
		{97B9B9D9-44C1-41E0-AF1C-9F349F5093A3}.Release|Any CPU.ActiveCfg = Release|Any CPU
		{97B9B9D9-44C1-41E0-AF1C-9F349F5093A3}.Release|Any CPU.Build.0 = Release|Any CPU
	EndGlobalSection
	GlobalSection(SolutionProperties) = preSolution
		HideSolutionNode = FALSE
	EndGlobalSection
EndGlobal
